
Microsoft Visual Studio Solution File, Format Version 12.00
# Visual Studio 15
VisualStudioVersion = 15.0.27130.2010
MinimumVisualStudioVersion = 10.0.40219.1
Project("{FAE04EC0-301F-11D3-BF4B-00C04F79EFBC}") = "LinqSimplee", "LinqSimplee\LinqSimplee.csproj", "{597D6640-6646-433D-AC23-44A11FD1E2F6}"
EndProject
Project("{FAE04EC0-301F-11D3-BF4B-00C04F79EFBC}") = "Program", "Program\Program.csproj", "{B2A8BDC5-C90A-4FCD-859B-CDCD5EBD9EE2}"
EndProject
Global
	GlobalSection(SolutionConfigurationPlatforms) = preSolution
		Debug|Any CPU = Debug|Any CPU
		Release|Any CPU = Release|Any CPU
	EndGlobalSection
	GlobalSection(ProjectConfigurationPlatforms) = postSolution
		{597D6640-6646-433D-AC23-44A11FD1E2F6}.Debug|Any CPU.ActiveCfg = Debug|Any CPU
		{597D6640-6646-433D-AC23-44A11FD1E2F6}.Debug|Any CPU.Build.0 = Debug|Any CPU
		{597D6640-6646-433D-AC23-44A11FD1E2F6}.Release|Any CPU.ActiveCfg = Release|Any CPU
		{597D6640-6646-433D-AC23-44A11FD1E2F6}.Release|Any CPU.Build.0 = Release|Any CPU
		{B2A8BDC5-C90A-4FCD-859B-CDCD5EBD9EE2}.Debug|Any CPU.ActiveCfg = Debug|Any CPU
		{B2A8BDC5-C90A-4FCD-859B-CDCD5EBD9EE2}.Debug|Any CPU.Build.0 = Debug|Any CPU
		{B2A8BDC5-C90A-4FCD-859B-CDCD5EBD9EE2}.Release|Any CPU.ActiveCfg = Release|Any CPU
		{B2A8BDC5-C90A-4FCD-859B-CDCD5EBD9EE2}.Release|Any CPU.Build.0 = Release|Any CPU
	EndGlobalSection
	GlobalSection(SolutionProperties) = preSolution
		HideSolutionNode = FALSE
	EndGlobalSection
	GlobalSection(ExtensibilityGlobals) = postSolution
		SolutionGuid = {4919B458-0D8D-492A-9957-B60C48A29849}
	EndGlobalSection
EndGlobal
